
Microsoft Visual Studio Solution File, Format Version 12.00
# Visual Studio Version 16
VisualStudioVersion = 16.0.30330.147
MinimumVisualStudioVersion = 10.0.40219.1
Project("{FAE04EC0-301F-11D3-BF4B-00C04F79EFBC}") = "LPLProject", "LPLProject\LPLProject.csproj", "{6CF04CAB-6DA8-4C45-8DDF-311D57F029B2}"
EndProject
Project("{FAE04EC0-301F-11D3-BF4B-00C04F79EFBC}") = "ControllerTest", "ControllerTest\ControllerTest.csproj", "{1C5089AF-C6B1-4699-9495-051506C9FF5C}"
EndProject
Global
	GlobalSection(SolutionConfigurationPlatforms) = preSolution
		Debug|Any CPU = Debug|Any CPU
		Release|Any CPU = Release|Any CPU
	EndGlobalSection
	GlobalSection(ProjectConfigurationPlatforms) = postSolution
		{6CF04CAB-6DA8-4C45-8DDF-311D57F029B2}.Debug|Any CPU.ActiveCfg = Debug|Any CPU
		{6CF04CAB-6DA8-4C45-8DDF-311D57F029B2}.Debug|Any CPU.Build.0 = Debug|Any CPU
		{6CF04CAB-6DA8-4C45-8DDF-311D57F029B2}.Release|Any CPU.ActiveCfg = Release|Any CPU
		{6CF04CAB-6DA8-4C45-8DDF-311D57F029B2}.Release|Any CPU.Build.0 = Release|Any CPU
		{1C5089AF-C6B1-4699-9495-051506C9FF5C}.Debug|Any CPU.ActiveCfg = Debug|Any CPU
		{1C5089AF-C6B1-4699-9495-051506C9FF5C}.Debug|Any CPU.Build.0 = Debug|Any CPU
		{1C5089AF-C6B1-4699-9495-051506C9FF5C}.Release|Any CPU.ActiveCfg = Release|Any CPU
		{1C5089AF-C6B1-4699-9495-051506C9FF5C}.Release|Any CPU.Build.0 = Release|Any CPU
	EndGlobalSection
	GlobalSection(SolutionProperties) = preSolution
		HideSolutionNode = FALSE
	EndGlobalSection
	GlobalSection(ExtensibilityGlobals) = postSolution
		SolutionGuid = {D3271F77-953B-4FB3-A3EA-AE6797A1414A}
	EndGlobalSection
EndGlobal
